
Microsoft Visual Studio Solution File, Format Version 12.00
# Visual Studio Version 16
VisualStudioVersion = 16.0.28803.916
MinimumVisualStudioVersion = 10.0.40219.1
Project("{FAE04EC0-301F-11D3-BF4B-00C04F79EFBC}") = "Delegates_8_2", "Delegates_8_2.csproj", "{D5C1FD70-84F3-4383-86BB-AD03ACC09CB0}"
EndProject
Global
	GlobalSection(SolutionConfigurationPlatforms) = preSolution
		Debug|Any CPU = Debug|Any CPU
		Release|Any CPU = Release|Any CPU
	EndGlobalSection
	GlobalSection(ProjectConfigurationPlatforms) = postSolution
		{D5C1FD70-84F3-4383-86BB-AD03ACC09CB0}.Debug|Any CPU.ActiveCfg = Debug|Any CPU
		{D5C1FD70-84F3-4383-86BB-AD03ACC09CB0}.Debug|Any CPU.Build.0 = Debug|Any CPU
		{D5C1FD70-84F3-4383-86BB-AD03ACC09CB0}.Release|Any CPU.ActiveCfg = Release|Any CPU
		{D5C1FD70-84F3-4383-86BB-AD03ACC09CB0}.Release|Any CPU.Build.0 = Release|Any CPU
	EndGlobalSection
	GlobalSection(SolutionProperties) = preSolution
		HideSolutionNode = FALSE
	EndGlobalSection
	GlobalSection(ExtensibilityGlobals) = postSolution
		SolutionGuid = {B735393F-0782-43C8-A05E-1F3BA8DF0D3B}
	EndGlobalSection
EndGlobal
